
Microsoft Visual Studio Solution File, Format Version 11.00
# Visual Studio 2010
Project("{FAE04EC0-301F-11D3-BF4B-00C04F79EFBC}") = "Code4Fun_Leone_2015-04-18", "Code4Fun_Leone_2015-04-18.csproj", "{8024873A-4FEB-4B2C-A225-3BA61408CFE5}"
EndProject
Project("{FAE04EC0-301F-11D3-BF4B-00C04F79EFBC}") = "Code4Fun_Leone_2015-04-18_Test", "Code4Fun_Leone_2015-04-18_Test\Code4Fun_Leone_2015-04-18_Test.csproj", "{81C927B4-8AAD-4FAF-84DB-A668E6739090}"
EndProject
Project("{2150E333-8FDC-42A3-9474-1A3956D46DE8}") = "Solution Items", "Solution Items", "{6C2218F1-803B-4764-9D43-0258922E6CA1}"
	ProjectSection(SolutionItems) = preProject
		Code4Fun_Leone_2015-04-18.vsmdi = Code4Fun_Leone_2015-04-18.vsmdi
		Local.testsettings = Local.testsettings
		TraceAndTestImpact.testsettings = TraceAndTestImpact.testsettings
	EndProjectSection
EndProject
Global
	GlobalSection(TestCaseManagementSettings) = postSolution
		CategoryFile = Code4Fun_Leone_2015-04-18.vsmdi
	EndGlobalSection
	GlobalSection(SolutionConfigurationPlatforms) = preSolution
		Debug|Any CPU = Debug|Any CPU
		Release|Any CPU = Release|Any CPU
	EndGlobalSection
	GlobalSection(ProjectConfigurationPlatforms) = postSolution
		{8024873A-4FEB-4B2C-A225-3BA61408CFE5}.Debug|Any CPU.ActiveCfg = Debug|Any CPU
		{8024873A-4FEB-4B2C-A225-3BA61408CFE5}.Debug|Any CPU.Build.0 = Debug|Any CPU
		{8024873A-4FEB-4B2C-A225-3BA61408CFE5}.Release|Any CPU.ActiveCfg = Release|Any CPU
		{8024873A-4FEB-4B2C-A225-3BA61408CFE5}.Release|Any CPU.Build.0 = Release|Any CPU
		{81C927B4-8AAD-4FAF-84DB-A668E6739090}.Debug|Any CPU.ActiveCfg = Debug|Any CPU
		{81C927B4-8AAD-4FAF-84DB-A668E6739090}.Debug|Any CPU.Build.0 = Debug|Any CPU
		{81C927B4-8AAD-4FAF-84DB-A668E6739090}.Release|Any CPU.ActiveCfg = Release|Any CPU
		{81C927B4-8AAD-4FAF-84DB-A668E6739090}.Release|Any CPU.Build.0 = Release|Any CPU
	EndGlobalSection
	GlobalSection(SolutionProperties) = preSolution
		HideSolutionNode = FALSE
	EndGlobalSection
EndGlobal
